
Microsoft Visual Studio Solution File, Format Version 12.00
# Visual Studio 15
VisualStudioVersion = 15.0.28307.1738
MinimumVisualStudioVersion = 10.0.40219.1
Project("{8BC9CEB8-8B4A-11D0-8D11-00A0C91BC942}") = "lab2", "lab2\lab2.vcxproj", "{4DE6A182-C3D1-46C7-9978-C7307207612E}"
EndProject
Global
	GlobalSection(SolutionConfigurationPlatforms) = preSolution
		Debug|x64 = Debug|x64
		Debug|x86 = Debug|x86
		Release|x64 = Release|x64
		Release|x86 = Release|x86
	EndGlobalSection
	GlobalSection(ProjectConfigurationPlatforms) = postSolution
		{4DE6A182-C3D1-46C7-9978-C7307207612E}.Debug|x64.ActiveCfg = Debug|x64
		{4DE6A182-C3D1-46C7-9978-C7307207612E}.Debug|x64.Build.0 = Debug|x64
		{4DE6A182-C3D1-46C7-9978-C7307207612E}.Debug|x86.ActiveCfg = Debug|Win32
		{4DE6A182-C3D1-46C7-9978-C7307207612E}.Debug|x86.Build.0 = Debug|Win32
		{4DE6A182-C3D1-46C7-9978-C7307207612E}.Release|x64.ActiveCfg = Release|x64
		{4DE6A182-C3D1-46C7-9978-C7307207612E}.Release|x64.Build.0 = Release|x64
		{4DE6A182-C3D1-46C7-9978-C7307207612E}.Release|x86.ActiveCfg = Release|Win32
		{4DE6A182-C3D1-46C7-9978-C7307207612E}.Release|x86.Build.0 = Release|Win32
	EndGlobalSection
	GlobalSection(SolutionProperties) = preSolution
		HideSolutionNode = FALSE
	EndGlobalSection
	GlobalSection(ExtensibilityGlobals) = postSolution
		SolutionGuid = {FBE28829-A444-4EBC-B781-EF4D29C1C4B8}
	EndGlobalSection
EndGlobal
